// !$*UTF8*$!
{
	archiveVersion = 1;
	classes = {
	};
	objectVersion = 50;
	objects = {

/* Begin PBXBuildFile section */
		852CD43E22C0F248002EB998 /* ToDoViewController.swift in Sources */ = {isa = PBXBuildFile; fileRef = 852CD43D22C0F248002EB998 /* ToDoViewController.swift */; };
		852CD44022C0FBC4002EB998 /* ToDoViewController.storyboard in Resources */ = {isa = PBXBuildFile; fileRef = 852CD43F22C0FBC4002EB998 /* ToDoViewController.storyboard */; };
		852CD44322C0FE85002EB998 /* NewTaskViewController.storyboard in Resources */ = {isa = PBXBuildFile; fileRef = 852CD44222C0FE85002EB998 /* NewTaskViewController.storyboard */; };
		852CD44522C0FE9B002EB998 /* NewTaskViewController.swift in Sources */ = {isa = PBXBuildFile; fileRef = 852CD44422C0FE9B002EB998 /* NewTaskViewController.swift */; };
		853BF15022BCD1B500A73946 /* TaskTableViewCell.swift in Sources */ = {isa = PBXBuildFile; fileRef = 853BF14F22BCD1B500A73946 /* TaskTableViewCell.swift */; };
		856520ED2288A75B0047436C /* AppDelegate.swift in Sources */ = {isa = PBXBuildFile; fileRef = 856520EC2288A75B0047436C /* AppDelegate.swift */; };
		856520F22288A75B0047436C /* Main.storyboard in Resources */ = {isa = PBXBuildFile; fileRef = 856520F02288A75B0047436C /* Main.storyboard */; };
		856520F72288A75C0047436C /* Assets.xcassets in Resources */ = {isa = PBXBuildFile; fileRef = 856520F62288A75C0047436C /* Assets.xcassets */; };
		856520FA2288A75C0047436C /* LaunchScreen.storyboard in Resources */ = {isa = PBXBuildFile; fileRef = 856520F82288A75C0047436C /* LaunchScreen.storyboard */; };
		856521052288A75C0047436C /* FamilyFirstTests.swift in Sources */ = {isa = PBXBuildFile; fileRef = 856521042288A75C0047436C /* FamilyFirstTests.swift */; };
		856521102288A75C0047436C /* FamilyFirstUITests.swift in Sources */ = {isa = PBXBuildFile; fileRef = 8565210F2288A75C0047436C /* FamilyFirstUITests.swift */; };
		856521682291E8160047436C /* HomeViewController.storyboard in Resources */ = {isa = PBXBuildFile; fileRef = 856521672291E8160047436C /* HomeViewController.storyboard */; };
		8565216A2291E84C0047436C /* HomeViewController.swift in Sources */ = {isa = PBXBuildFile; fileRef = 856521692291E84C0047436C /* HomeViewController.swift */; };
		856521702291EE750047436C /* AddMemberViewController.storyboard in Resources */ = {isa = PBXBuildFile; fileRef = 8565216F2291EE750047436C /* AddMemberViewController.storyboard */; };
		8575B09522CE0D1D002E9C58 /* UIColorExtension.swift in Sources */ = {isa = PBXBuildFile; fileRef = 8575B09422CE0D1D002E9C58 /* UIColorExtension.swift */; };
		8575B09822CE3D03002E9C58 /* DetailsViewController.storyboard in Resources */ = {isa = PBXBuildFile; fileRef = 8575B09722CE3D03002E9C58 /* DetailsViewController.storyboard */; };
		8575B09A22CE3D14002E9C58 /* DetailsViewController.swift in Sources */ = {isa = PBXBuildFile; fileRef = 8575B09922CE3D14002E9C58 /* DetailsViewController.swift */; };
		8580EE5822BA6F1E00E2407D /* FirstLaunchViewController.storyboard in Resources */ = {isa = PBXBuildFile; fileRef = 8580EE5722BA6F1E00E2407D /* FirstLaunchViewController.storyboard */; };
		8580EE5A22BA6F6E00E2407D /* FirstLaunchViewController.swift in Sources */ = {isa = PBXBuildFile; fileRef = 8580EE5922BA6F6E00E2407D /* FirstLaunchViewController.swift */; };
		8580EE5C22BA7E1200E2407D /* Images.xcassets in Resources */ = {isa = PBXBuildFile; fileRef = 8580EE5B22BA7E1200E2407D /* Images.xcassets */; };
		85C4529422BA90430037363D /* SettingsViewController.swift in Sources */ = {isa = PBXBuildFile; fileRef = 85C4529322BA90420037363D /* SettingsViewController.swift */; };
		85C4529622BA90970037363D /* SettingsViewController.storyboard in Resources */ = {isa = PBXBuildFile; fileRef = 85C4529522BA90970037363D /* SettingsViewController.storyboard */; };
		85C4529822BA96A00037363D /* SettingsTableViewController.swift in Sources */ = {isa = PBXBuildFile; fileRef = 85C4529722BA96A00037363D /* SettingsTableViewController.swift */; };
		D32124F722BBC5E500A3DC1D /* AllMembers.swift in Sources */ = {isa = PBXBuildFile; fileRef = D32124EF22BBC5E500A3DC1D /* AllMembers.swift */; };
		D32124F822BBC5E500A3DC1D /* FamilyFirst.xcdatamodeld in Sources */ = {isa = PBXBuildFile; fileRef = D32124F022BBC5E500A3DC1D /* FamilyFirst.xcdatamodeld */; };
		D344CB7D22D3A8EF00C277FF /* GeneralCell.swift in Sources */ = {isa = PBXBuildFile; fileRef = D344CB7C22D3A8EF00C277FF /* GeneralCell.swift */; };
		D344CB7F22D3CDC600C277FF /* FontExtension.swift in Sources */ = {isa = PBXBuildFile; fileRef = D344CB7E22D3CDC600C277FF /* FontExtension.swift */; };
		D344CB8122D3D7C600C277FF /* UIViewExtensio.swift in Sources */ = {isa = PBXBuildFile; fileRef = D344CB8022D3D7C600C277FF /* UIViewExtensio.swift */; };
		D34AED1022C111D500FD25F4 /* AddStuffController.swift in Sources */ = {isa = PBXBuildFile; fileRef = D34AED0F22C111D500FD25F4 /* AddStuffController.swift */; };
		D3891DE722D0FCB8003EC54E /* AdditionalTableCell.swift in Sources */ = {isa = PBXBuildFile; fileRef = D3891DE622D0FCB8003EC54E /* AdditionalTableCell.swift */; };
		D3C1119E22BBC80E00E90738 /* MemberCellTableViewCell.swift in Sources */ = {isa = PBXBuildFile; fileRef = D3C1119D22BBC80E00E90738 /* MemberCellTableViewCell.swift */; };
		D3C111A022BBDEDB00E90738 /* AddMemberViewController.swift in Sources */ = {isa = PBXBuildFile; fileRef = D3C1119F22BBDEDB00E90738 /* AddMemberViewController.swift */; };
		D3C111A222BBDF9300E90738 /* AddMemberSubviewController.swift in Sources */ = {isa = PBXBuildFile; fileRef = D3C111A122BBDF9300E90738 /* AddMemberSubviewController.swift */; };
		D3C111A422BBEBFD00E90738 /* DatePickerCell.swift in Sources */ = {isa = PBXBuildFile; fileRef = D3C111A322BBEBFD00E90738 /* DatePickerCell.swift */; };
		D3F101E022CE32300017E9D4 /* ImagePicker.swift in Sources */ = {isa = PBXBuildFile; fileRef = D3F101DF22CE32300017E9D4 /* ImagePicker.swift */; };
/* End PBXBuildFile section */

/* Begin PBXContainerItemProxy section */
		856521012288A75C0047436C /* PBXContainerItemProxy */ = {
			isa = PBXContainerItemProxy;
			containerPortal = 856520E12288A75B0047436C /* Project object */;
			proxyType = 1;
			remoteGlobalIDString = 856520E82288A75B0047436C;
			remoteInfo = FamilyFirst;
		};
		8565210C2288A75C0047436C /* PBXContainerItemProxy */ = {
			isa = PBXContainerItemProxy;
			containerPortal = 856520E12288A75B0047436C /* Project object */;
			proxyType = 1;
			remoteGlobalIDString = 856520E82288A75B0047436C;
			remoteInfo = FamilyFirst;
		};
/* End PBXContainerItemProxy section */

/* Begin PBXFileReference section */
		852CD43D22C0F248002EB998 /* ToDoViewController.swift */ = {isa = PBXFileReference; lastKnownFileType = sourcecode.swift; path = ToDoViewController.swift; sourceTree = "<group>"; };
		852CD43F22C0FBC4002EB998 /* ToDoViewController.storyboard */ = {isa = PBXFileReference; lastKnownFileType = file.storyboard; path = ToDoViewController.storyboard; sourceTree = "<group>"; };
		852CD44222C0FE85002EB998 /* NewTaskViewController.storyboard */ = {isa = PBXFileReference; lastKnownFileType = file.storyboard; path = NewTaskViewController.storyboard; sourceTree = "<group>"; };
		852CD44422C0FE9B002EB998 /* NewTaskViewController.swift */ = {isa = PBXFileReference; lastKnownFileType = sourcecode.swift; path = NewTaskViewController.swift; sourceTree = "<group>"; };
		853BF14F22BCD1B500A73946 /* TaskTableViewCell.swift */ = {isa = PBXFileReference; lastKnownFileType = sourcecode.swift; path = TaskTableViewCell.swift; sourceTree = "<group>"; };
		856520E92288A75B0047436C /* FamilyFirst.app */ = {isa = PBXFileReference; explicitFileType = wrapper.application; includeInIndex = 0; path = FamilyFirst.app; sourceTree = BUILT_PRODUCTS_DIR; };
		856520EC2288A75B0047436C /* AppDelegate.swift */ = {isa = PBXFileReference; lastKnownFileType = sourcecode.swift; path = AppDelegate.swift; sourceTree = "<group>"; };
		856520F12288A75B0047436C /* Base */ = {isa = PBXFileReference; lastKnownFileType = file.storyboard; name = Base; path = Base.lproj/Main.storyboard; sourceTree = "<group>"; };
		856520F62288A75C0047436C /* Assets.xcassets */ = {isa = PBXFileReference; lastKnownFileType = folder.assetcatalog; path = Assets.xcassets; sourceTree = "<group>"; };
		856520F92288A75C0047436C /* Base */ = {isa = PBXFileReference; lastKnownFileType = file.storyboard; name = Base; path = Base.lproj/LaunchScreen.storyboard; sourceTree = "<group>"; };
		856520FB2288A75C0047436C /* Info.plist */ = {isa = PBXFileReference; lastKnownFileType = text.plist.xml; path = Info.plist; sourceTree = "<group>"; };
		856521002288A75C0047436C /* FamilyFirstTests.xctest */ = {isa = PBXFileReference; explicitFileType = wrapper.cfbundle; includeInIndex = 0; path = FamilyFirstTests.xctest; sourceTree = BUILT_PRODUCTS_DIR; };
		856521042288A75C0047436C /* FamilyFirstTests.swift */ = {isa = PBXFileReference; lastKnownFileType = sourcecode.swift; path = FamilyFirstTests.swift; sourceTree = "<group>"; };
		856521062288A75C0047436C /* Info.plist */ = {isa = PBXFileReference; lastKnownFileType = text.plist.xml; path = Info.plist; sourceTree = "<group>"; };
		8565210B2288A75C0047436C /* FamilyFirstUITests.xctest */ = {isa = PBXFileReference; explicitFileType = wrapper.cfbundle; includeInIndex = 0; path = FamilyFirstUITests.xctest; sourceTree = BUILT_PRODUCTS_DIR; };
		8565210F2288A75C0047436C /* FamilyFirstUITests.swift */ = {isa = PBXFileReference; lastKnownFileType = sourcecode.swift; path = FamilyFirstUITests.swift; sourceTree = "<group>"; };
		856521112288A75C0047436C /* Info.plist */ = {isa = PBXFileReference; lastKnownFileType = text.plist.xml; path = Info.plist; sourceTree = "<group>"; };
		856521672291E8160047436C /* HomeViewController.storyboard */ = {isa = PBXFileReference; lastKnownFileType = file.storyboard; path = HomeViewController.storyboard; sourceTree = "<group>"; };
		856521692291E84C0047436C /* HomeViewController.swift */ = {isa = PBXFileReference; lastKnownFileType = sourcecode.swift; path = HomeViewController.swift; sourceTree = "<group>"; };
		8565216F2291EE750047436C /* AddMemberViewController.storyboard */ = {isa = PBXFileReference; lastKnownFileType = file.storyboard; path = AddMemberViewController.storyboard; sourceTree = "<group>"; };
		8575B09422CE0D1D002E9C58 /* UIColorExtension.swift */ = {isa = PBXFileReference; lastKnownFileType = sourcecode.swift; path = UIColorExtension.swift; sourceTree = "<group>"; };
		8575B09722CE3D03002E9C58 /* DetailsViewController.storyboard */ = {isa = PBXFileReference; lastKnownFileType = file.storyboard; path = DetailsViewController.storyboard; sourceTree = "<group>"; };
		8575B09922CE3D14002E9C58 /* DetailsViewController.swift */ = {isa = PBXFileReference; lastKnownFileType = sourcecode.swift; path = DetailsViewController.swift; sourceTree = "<group>"; };
		8580EE5722BA6F1E00E2407D /* FirstLaunchViewController.storyboard */ = {isa = PBXFileReference; lastKnownFileType = file.storyboard; path = FirstLaunchViewController.storyboard; sourceTree = "<group>"; };
		8580EE5922BA6F6E00E2407D /* FirstLaunchViewController.swift */ = {isa = PBXFileReference; lastKnownFileType = sourcecode.swift; path = FirstLaunchViewController.swift; sourceTree = "<group>"; };
		8580EE5B22BA7E1200E2407D /* Images.xcassets */ = {isa = PBXFileReference; lastKnownFileType = folder.assetcatalog; path = Images.xcassets; sourceTree = "<group>"; };
		85C4529322BA90420037363D /* SettingsViewController.swift */ = {isa = PBXFileReference; lastKnownFileType = sourcecode.swift; path = SettingsViewController.swift; sourceTree = "<group>"; };
		85C4529522BA90970037363D /* SettingsViewController.storyboard */ = {isa = PBXFileReference; lastKnownFileType = file.storyboard; path = SettingsViewController.storyboard; sourceTree = "<group>"; };
		85C4529722BA96A00037363D /* SettingsTableViewController.swift */ = {isa = PBXFileReference; lastKnownFileType = sourcecode.swift; path = SettingsTableViewController.swift; sourceTree = "<group>"; };
		D32124EF22BBC5E500A3DC1D /* AllMembers.swift */ = {isa = PBXFileReference; fileEncoding = 4; lastKnownFileType = sourcecode.swift; path = AllMembers.swift; sourceTree = "<group>"; };
		D32124F122BBC5E500A3DC1D /* FamilyFirst.xcdatamodel */ = {isa = PBXFileReference; lastKnownFileType = wrapper.xcdatamodel; path = FamilyFirst.xcdatamodel; sourceTree = "<group>"; };
		D344CB7C22D3A8EF00C277FF /* GeneralCell.swift */ = {isa = PBXFileReference; lastKnownFileType = sourcecode.swift; path = GeneralCell.swift; sourceTree = "<group>"; };
		D344CB7E22D3CDC600C277FF /* FontExtension.swift */ = {isa = PBXFileReference; lastKnownFileType = sourcecode.swift; path = FontExtension.swift; sourceTree = "<group>"; };
		D344CB8022D3D7C600C277FF /* UIViewExtensio.swift */ = {isa = PBXFileReference; lastKnownFileType = sourcecode.swift; path = UIViewExtensio.swift; sourceTree = "<group>"; };
		D34AED0F22C111D500FD25F4 /* AddStuffController.swift */ = {isa = PBXFileReference; lastKnownFileType = sourcecode.swift; path = AddStuffController.swift; sourceTree = "<group>"; };
		D3891DE622D0FCB8003EC54E /* AdditionalTableCell.swift */ = {isa = PBXFileReference; fileEncoding = 4; lastKnownFileType = sourcecode.swift; path = AdditionalTableCell.swift; sourceTree = "<group>"; };
		D3C1119D22BBC80E00E90738 /* MemberCellTableViewCell.swift */ = {isa = PBXFileReference; fileEncoding = 4; lastKnownFileType = sourcecode.swift; path = MemberCellTableViewCell.swift; sourceTree = "<group>"; };
		D3C1119F22BBDEDB00E90738 /* AddMemberViewController.swift */ = {isa = PBXFileReference; lastKnownFileType = sourcecode.swift; path = AddMemberViewController.swift; sourceTree = "<group>"; };
		D3C111A122BBDF9300E90738 /* AddMemberSubviewController.swift */ = {isa = PBXFileReference; lastKnownFileType = sourcecode.swift; path = AddMemberSubviewController.swift; sourceTree = "<group>"; };
		D3C111A322BBEBFD00E90738 /* DatePickerCell.swift */ = {isa = PBXFileReference; lastKnownFileType = sourcecode.swift; path = DatePickerCell.swift; sourceTree = "<group>"; };
		D3F101DF22CE32300017E9D4 /* ImagePicker.swift */ = {isa = PBXFileReference; lastKnownFileType = sourcecode.swift; path = ImagePicker.swift; sourceTree = "<group>"; };
/* End PBXFileReference section */

/* Begin PBXFrameworksBuildPhase section */
		856520E62288A75B0047436C /* Frameworks */ = {
			isa = PBXFrameworksBuildPhase;
			buildActionMask = 2147483647;
			files = (
			);
			runOnlyForDeploymentPostprocessing = 0;
		};
		856520FD2288A75C0047436C /* Frameworks */ = {
			isa = PBXFrameworksBuildPhase;
			buildActionMask = 2147483647;
			files = (
			);
			runOnlyForDeploymentPostprocessing = 0;
		};
		856521082288A75C0047436C /* Frameworks */ = {
			isa = PBXFrameworksBuildPhase;
			buildActionMask = 2147483647;
			files = (
			);
			runOnlyForDeploymentPostprocessing = 0;
		};
/* End PBXFrameworksBuildPhase section */

/* Begin PBXGroup section */
		852CD44122C0FE6E002EB998 /* NewTask */ = {
			isa = PBXGroup;
			children = (
				852CD44222C0FE85002EB998 /* NewTaskViewController.storyboard */,
				852CD44422C0FE9B002EB998 /* NewTaskViewController.swift */,
			);
			path = NewTask;
			sourceTree = "<group>";
		};
		856520E02288A75B0047436C = {
			isa = PBXGroup;
			children = (
				856520EB2288A75B0047436C /* FamilyFirst */,
				856521032288A75C0047436C /* FamilyFirstTests */,
				8565210E2288A75C0047436C /* FamilyFirstUITests */,
				856520EA2288A75B0047436C /* Products */,
			);
			sourceTree = "<group>";
		};
		856520EA2288A75B0047436C /* Products */ = {
			isa = PBXGroup;
			children = (
				856520E92288A75B0047436C /* FamilyFirst.app */,
				856521002288A75C0047436C /* FamilyFirstTests.xctest */,
				8565210B2288A75C0047436C /* FamilyFirstUITests.xctest */,
			);
			name = Products;
			sourceTree = "<group>";
		};
		856520EB2288A75B0047436C /* FamilyFirst */ = {
			isa = PBXGroup;
			children = (
				D34AED1122C1131F00FD25F4 /* AddStuff */,
				852CD44122C0FE6E002EB998 /* NewTask */,
				856520F02288A75B0047436C /* Main.storyboard */,
				85EF961722BCC8A1004AA63A /* toDo List */,
				D32124EE22BBC5E500A3DC1D /* Data */,
				8580EE5622BA6EE200E2407D /* FirstLaunch */,
				8565216E2291EE3B0047436C /* AddMember */,
				8565216B2291ED9B0047436C /* Settings */,
				856521662291E7CF0047436C /* HomeViewController */,
				856520EC2288A75B0047436C /* AppDelegate.swift */,
				856520F62288A75C0047436C /* Assets.xcassets */,
				856520FB2288A75C0047436C /* Info.plist */,
				8580EE5B22BA7E1200E2407D /* Images.xcassets */,
			);
			path = FamilyFirst;
			sourceTree = "<group>";
		};
		856521032288A75C0047436C /* FamilyFirstTests */ = {
			isa = PBXGroup;
			children = (
				856521042288A75C0047436C /* FamilyFirstTests.swift */,
				856521062288A75C0047436C /* Info.plist */,
			);
			path = FamilyFirstTests;
			sourceTree = "<group>";
		};
		8565210E2288A75C0047436C /* FamilyFirstUITests */ = {
			isa = PBXGroup;
			children = (
				8565210F2288A75C0047436C /* FamilyFirstUITests.swift */,
				856521112288A75C0047436C /* Info.plist */,
			);
			path = FamilyFirstUITests;
			sourceTree = "<group>";
		};
		856521662291E7CF0047436C /* HomeViewController */ = {
			isa = PBXGroup;
			children = (
				D3C1119D22BBC80E00E90738 /* MemberCellTableViewCell.swift */,
				856521672291E8160047436C /* HomeViewController.storyboard */,
				856521692291E84C0047436C /* HomeViewController.swift */,
				8575B09622CE3CD9002E9C58 /* Details */,
				8575B09B22CE4B15002E9C58 /* Launchscreen */,
				8575B09322CE0D04002E9C58 /* Extensions */,
			);
			path = HomeViewController;
			sourceTree = "<group>";
		};
		8565216B2291ED9B0047436C /* Settings */ = {
			isa = PBXGroup;
			children = (
				85C4529322BA90420037363D /* SettingsViewController.swift */,
				85C4529522BA90970037363D /* SettingsViewController.storyboard */,
				85C4529722BA96A00037363D /* SettingsTableViewController.swift */,
			);
			path = Settings;
			sourceTree = "<group>";
		};
		8565216E2291EE3B0047436C /* AddMember */ = {
			isa = PBXGroup;
			children = (
				D3891DE622D0FCB8003EC54E /* AdditionalTableCell.swift */,
				D34AED0F22C111D500FD25F4 /* AddStuffController.swift */,
				8565216F2291EE750047436C /* AddMemberViewController.storyboard */,
				D3C111A322BBEBFD00E90738 /* DatePickerCell.swift */,
				D3C111A122BBDF9300E90738 /* AddMemberSubviewController.swift */,
				D3C1119F22BBDEDB00E90738 /* AddMemberViewController.swift */,
				D3F101DF22CE32300017E9D4 /* ImagePicker.swift */,
				D344CB7C22D3A8EF00C277FF /* GeneralCell.swift */,
				D344CB7E22D3CDC600C277FF /* FontExtension.swift */,
			);
			path = AddMember;
			sourceTree = "<group>";
		};
		8575B09322CE0D04002E9C58 /* Extensions */ = {
			isa = PBXGroup;
			children = (
				8575B09422CE0D1D002E9C58 /* UIColorExtension.swift */,
				D344CB8022D3D7C600C277FF /* UIViewExtensio.swift */,
			);
			path = Extensions;
			sourceTree = "<group>";
		};
		8575B09622CE3CD9002E9C58 /* Details */ = {
			isa = PBXGroup;
			children = (
				8575B09722CE3D03002E9C58 /* DetailsViewController.storyboard */,
				8575B09922CE3D14002E9C58 /* DetailsViewController.swift */,
			);
			path = Details;
			sourceTree = "<group>";
		};
		8575B09B22CE4B15002E9C58 /* Launchscreen */ = {
			isa = PBXGroup;
			children = (
				856520F82288A75C0047436C /* LaunchScreen.storyboard */,
			);
			path = Launchscreen;
			sourceTree = "<group>";
		};
		8580EE5622BA6EE200E2407D /* FirstLaunch */ = {
			isa = PBXGroup;
			children = (
				8580EE5722BA6F1E00E2407D /* FirstLaunchViewController.storyboard */,
				8580EE5922BA6F6E00E2407D /* FirstLaunchViewController.swift */,
			);
			path = FirstLaunch;
			sourceTree = "<group>";
		};
		85EF961722BCC8A1004AA63A /* toDo List */ = {
			isa = PBXGroup;
			children = (
				853BF14F22BCD1B500A73946 /* TaskTableViewCell.swift */,
				852CD43D22C0F248002EB998 /* ToDoViewController.swift */,
				852CD43F22C0FBC4002EB998 /* ToDoViewController.storyboard */,
			);
			path = "toDo List";
			sourceTree = "<group>";
		};
		D32124EE22BBC5E500A3DC1D /* Data */ = {
			isa = PBXGroup;
			children = (
				D32124EF22BBC5E500A3DC1D /* AllMembers.swift */,
				D32124F022BBC5E500A3DC1D /* FamilyFirst.xcdatamodeld */,
			);
			path = Data;
			sourceTree = "<group>";
		};
		D34AED1122C1131F00FD25F4 /* AddStuff */ = {
			isa = PBXGroup;
			children = (
			);
			path = AddStuff;
			sourceTree = "<group>";
		};
/* End PBXGroup section */

/* Begin PBXNativeTarget section */
		856520E82288A75B0047436C /* FamilyFirst */ = {
			isa = PBXNativeTarget;
			buildConfigurationList = 856521142288A75C0047436C /* Build configuration list for PBXNativeTarget "FamilyFirst" */;
			buildPhases = (
				856520E52288A75B0047436C /* Sources */,
				856520E62288A75B0047436C /* Frameworks */,
				856520E72288A75B0047436C /* Resources */,
			);
			buildRules = (
			);
			dependencies = (
			);
			name = FamilyFirst;
			productName = FamilyFirst;
			productReference = 856520E92288A75B0047436C /* FamilyFirst.app */;
			productType = "com.apple.product-type.application";
		};
		856520FF2288A75C0047436C /* FamilyFirstTests */ = {
			isa = PBXNativeTarget;
			buildConfigurationList = 856521172288A75C0047436C /* Build configuration list for PBXNativeTarget "FamilyFirstTests" */;
			buildPhases = (
				856520FC2288A75C0047436C /* Sources */,
				856520FD2288A75C0047436C /* Frameworks */,
				856520FE2288A75C0047436C /* Resources */,
			);
			buildRules = (
			);
			dependencies = (
				856521022288A75C0047436C /* PBXTargetDependency */,
			);
			name = FamilyFirstTests;
			productName = FamilyFirstTests;
			productReference = 856521002288A75C0047436C /* FamilyFirstTests.xctest */;
			productType = "com.apple.product-type.bundle.unit-test";
		};
		8565210A2288A75C0047436C /* FamilyFirstUITests */ = {
			isa = PBXNativeTarget;
			buildConfigurationList = 8565211A2288A75C0047436C /* Build configuration list for PBXNativeTarget "FamilyFirstUITests" */;
			buildPhases = (
				856521072288A75C0047436C /* Sources */,
				856521082288A75C0047436C /* Frameworks */,
				856521092288A75C0047436C /* Resources */,
			);
			buildRules = (
			);
			dependencies = (
				8565210D2288A75C0047436C /* PBXTargetDependency */,
			);
			name = FamilyFirstUITests;
			productName = FamilyFirstUITests;
			productReference = 8565210B2288A75C0047436C /* FamilyFirstUITests.xctest */;
			productType = "com.apple.product-type.bundle.ui-testing";
		};
/* End PBXNativeTarget section */

/* Begin PBXProject section */
		856520E12288A75B0047436C /* Project object */ = {
			isa = PBXProject;
			attributes = {
				LastSwiftUpdateCheck = 1020;
				LastUpgradeCheck = 1020;
				ORGANIZATIONNAME = Niklas;
				TargetAttributes = {
					856520E82288A75B0047436C = {
						CreatedOnToolsVersion = 10.2.1;
					};
					856520FF2288A75C0047436C = {
						CreatedOnToolsVersion = 10.2.1;
						TestTargetID = 856520E82288A75B0047436C;
					};
					8565210A2288A75C0047436C = {
						CreatedOnToolsVersion = 10.2.1;
						TestTargetID = 856520E82288A75B0047436C;
					};
				};
			};
			buildConfigurationList = 856520E42288A75B0047436C /* Build configuration list for PBXProject "FamilyFirst" */;
			compatibilityVersion = "Xcode 9.3";
			developmentRegion = en;
			hasScannedForEncodings = 0;
			knownRegions = (
				en,
				Base,
			);
			mainGroup = 856520E02288A75B0047436C;
			productRefGroup = 856520EA2288A75B0047436C /* Products */;
			projectDirPath = "";
			projectRoot = "";
			targets = (
				856520E82288A75B0047436C /* FamilyFirst */,
				856520FF2288A75C0047436C /* FamilyFirstTests */,
				8565210A2288A75C0047436C /* FamilyFirstUITests */,
			);
		};
/* End PBXProject section */

/* Begin PBXResourcesBuildPhase section */
		856520E72288A75B0047436C /* Resources */ = {
			isa = PBXResourcesBuildPhase;
			buildActionMask = 2147483647;
			files = (
				852CD44322C0FE85002EB998 /* NewTaskViewController.storyboard in Resources */,
				8580EE5C22BA7E1200E2407D /* Images.xcassets in Resources */,
				852CD44022C0FBC4002EB998 /* ToDoViewController.storyboard in Resources */,
				856521682291E8160047436C /* HomeViewController.storyboard in Resources */,
				856521702291EE750047436C /* AddMemberViewController.storyboard in Resources */,
				856520FA2288A75C0047436C /* LaunchScreen.storyboard in Resources */,
				8575B09822CE3D03002E9C58 /* DetailsViewController.storyboard in Resources */,
				8580EE5822BA6F1E00E2407D /* FirstLaunchViewController.storyboard in Resources */,
				856520F72288A75C0047436C /* Assets.xcassets in Resources */,
				85C4529622BA90970037363D /* SettingsViewController.storyboard in Resources */,
				856520F22288A75B0047436C /* Main.storyboard in Resources */,
			);
			runOnlyForDeploymentPostprocessing = 0;
		};
		856520FE2288A75C0047436C /* Resources */ = {
			isa = PBXResourcesBuildPhase;
			buildActionMask = 2147483647;
			files = (
			);
			runOnlyForDeploymentPostprocessing = 0;
		};
		856521092288A75C0047436C /* Resources */ = {
			isa = PBXResourcesBuildPhase;
			buildActionMask = 2147483647;
			files = (
			);
			runOnlyForDeploymentPostprocessing = 0;
		};
/* End PBXResourcesBuildPhase section */

/* Begin PBXSourcesBuildPhase section */
		856520E52288A75B0047436C /* Sources */ = {
			isa = PBXSourcesBuildPhase;
			buildActionMask = 2147483647;
			files = (
				8575B09522CE0D1D002E9C58 /* UIColorExtension.swift in Sources */,
				852CD43E22C0F248002EB998 /* ToDoViewController.swift in Sources */,
				8580EE5A22BA6F6E00E2407D /* FirstLaunchViewController.swift in Sources */,
				853BF15022BCD1B500A73946 /* TaskTableViewCell.swift in Sources */,
				D3F101E022CE32300017E9D4 /* ImagePicker.swift in Sources */,
				852CD44522C0FE9B002EB998 /* NewTaskViewController.swift in Sources */,
				D3C1119E22BBC80E00E90738 /* MemberCellTableViewCell.swift in Sources */,
				D3C111A022BBDEDB00E90738 /* AddMemberViewController.swift in Sources */,
				D32124F722BBC5E500A3DC1D /* AllMembers.swift in Sources */,
				D344CB7F22D3CDC600C277FF /* FontExtension.swift in Sources */,
				D32124F822BBC5E500A3DC1D /* FamilyFirst.xcdatamodeld in Sources */,
				D344CB8122D3D7C600C277FF /* UIViewExtensio.swift in Sources */,
				D344CB7D22D3A8EF00C277FF /* GeneralCell.swift in Sources */,
				D3C111A222BBDF9300E90738 /* AddMemberSubviewController.swift in Sources */,
				8575B09A22CE3D14002E9C58 /* DetailsViewController.swift in Sources */,
				85C4529822BA96A00037363D /* SettingsTableViewController.swift in Sources */,
				856520ED2288A75B0047436C /* AppDelegate.swift in Sources */,
				85C4529422BA90430037363D /* SettingsViewController.swift in Sources */,
				8565216A2291E84C0047436C /* HomeViewController.swift in Sources */,
				D3891DE722D0FCB8003EC54E /* AdditionalTableCell.swift in Sources */,
				D34AED1022C111D500FD25F4 /* AddStuffController.swift in Sources */,
				D3C111A422BBEBFD00E90738 /* DatePickerCell.swift in Sources */,
			);
			runOnlyForDeploymentPostprocessing = 0;
		};
		856520FC2288A75C0047436C /* Sources */ = {
			isa = PBXSourcesBuildPhase;
			buildActionMask = 2147483647;
			files = (
				856521052288A75C0047436C /* FamilyFirstTests.swift in Sources */,
			);
			runOnlyForDeploymentPostprocessing = 0;
		};
		856521072288A75C0047436C /* Sources */ = {
			isa = PBXSourcesBuildPhase;
			buildActionMask = 2147483647;
			files = (
				856521102288A75C0047436C /* FamilyFirstUITests.swift in Sources */,
			);
			runOnlyForDeploymentPostprocessing = 0;
		};
/* End PBXSourcesBuildPhase section */

/* Begin PBXTargetDependency section */
		856521022288A75C0047436C /* PBXTargetDependency */ = {
			isa = PBXTargetDependency;
			target = 856520E82288A75B0047436C /* FamilyFirst */;
			targetProxy = 856521012288A75C0047436C /* PBXContainerItemProxy */;
		};
		8565210D2288A75C0047436C /* PBXTargetDependency */ = {
			isa = PBXTargetDependency;
			target = 856520E82288A75B0047436C /* FamilyFirst */;
			targetProxy = 8565210C2288A75C0047436C /* PBXContainerItemProxy */;
		};
/* End PBXTargetDependency section */

/* Begin PBXVariantGroup section */
		856520F02288A75B0047436C /* Main.storyboard */ = {
			isa = PBXVariantGroup;
			children = (
				856520F12288A75B0047436C /* Base */,
			);
			name = Main.storyboard;
			sourceTree = "<group>";
		};
		856520F82288A75C0047436C /* LaunchScreen.storyboard */ = {
			isa = PBXVariantGroup;
			children = (
				856520F92288A75C0047436C /* Base */,
			);
			name = LaunchScreen.storyboard;
			sourceTree = "<group>";
		};
/* End PBXVariantGroup section */

/* Begin XCBuildConfiguration section */
		856521122288A75C0047436C /* Debug */ = {
			isa = XCBuildConfiguration;
			buildSettings = {
				ALWAYS_SEARCH_USER_PATHS = NO;
				CLANG_ANALYZER_NONNULL = YES;
				CLANG_ANALYZER_NUMBER_OBJECT_CONVERSION = YES_AGGRESSIVE;
				CLANG_CXX_LANGUAGE_STANDARD = "gnu++14";
				CLANG_CXX_LIBRARY = "libc++";
				CLANG_ENABLE_MODULES = YES;
				CLANG_ENABLE_OBJC_ARC = YES;
				CLANG_ENABLE_OBJC_WEAK = YES;
				CLANG_WARN_BLOCK_CAPTURE_AUTORELEASING = YES;
				CLANG_WARN_BOOL_CONVERSION = YES;
				CLANG_WARN_COMMA = YES;
				CLANG_WARN_CONSTANT_CONVERSION = YES;
				CLANG_WARN_DEPRECATED_OBJC_IMPLEMENTATIONS = YES;
				CLANG_WARN_DIRECT_OBJC_ISA_USAGE = YES_ERROR;
				CLANG_WARN_DOCUMENTATION_COMMENTS = YES;
				CLANG_WARN_EMPTY_BODY = YES;
				CLANG_WARN_ENUM_CONVERSION = YES;
				CLANG_WARN_INFINITE_RECURSION = YES;
				CLANG_WARN_INT_CONVERSION = YES;
				CLANG_WARN_NON_LITERAL_NULL_CONVERSION = YES;
				CLANG_WARN_OBJC_IMPLICIT_RETAIN_SELF = YES;
				CLANG_WARN_OBJC_LITERAL_CONVERSION = YES;
				CLANG_WARN_OBJC_ROOT_CLASS = YES_ERROR;
				CLANG_WARN_RANGE_LOOP_ANALYSIS = YES;
				CLANG_WARN_STRICT_PROTOTYPES = YES;
				CLANG_WARN_SUSPICIOUS_MOVE = YES;
				CLANG_WARN_UNGUARDED_AVAILABILITY = YES_AGGRESSIVE;
				CLANG_WARN_UNREACHABLE_CODE = YES;
				CLANG_WARN__DUPLICATE_METHOD_MATCH = YES;
				CODE_SIGN_IDENTITY = "iPhone Developer";
				COPY_PHASE_STRIP = NO;
				DEBUG_INFORMATION_FORMAT = dwarf;
				ENABLE_STRICT_OBJC_MSGSEND = YES;
				ENABLE_TESTABILITY = YES;
				GCC_C_LANGUAGE_STANDARD = gnu11;
				GCC_DYNAMIC_NO_PIC = NO;
				GCC_NO_COMMON_BLOCKS = YES;
				GCC_OPTIMIZATION_LEVEL = 0;
				GCC_PREPROCESSOR_DEFINITIONS = (
					"DEBUG=1",
					"$(inherited)",
				);
				GCC_WARN_64_TO_32_BIT_CONVERSION = YES;
				GCC_WARN_ABOUT_RETURN_TYPE = YES_ERROR;
				GCC_WARN_UNDECLARED_SELECTOR = YES;
				GCC_WARN_UNINITIALIZED_AUTOS = YES_AGGRESSIVE;
				GCC_WARN_UNUSED_FUNCTION = YES;
				GCC_WARN_UNUSED_VARIABLE = YES;
				IPHONEOS_DEPLOYMENT_TARGET = 12.2;
				MTL_ENABLE_DEBUG_INFO = INCLUDE_SOURCE;
				MTL_FAST_MATH = YES;
				ONLY_ACTIVE_ARCH = YES;
				SDKROOT = iphoneos;
				SWIFT_ACTIVE_COMPILATION_CONDITIONS = DEBUG;
				SWIFT_OPTIMIZATION_LEVEL = "-Onone";
			};
			name = Debug;
		};
		856521132288A75C0047436C /* Release */ = {
			isa = XCBuildConfiguration;
			buildSettings = {
				ALWAYS_SEARCH_USER_PATHS = NO;
				CLANG_ANALYZER_NONNULL = YES;
				CLANG_ANALYZER_NUMBER_OBJECT_CONVERSION = YES_AGGRESSIVE;
				CLANG_CXX_LANGUAGE_STANDARD = "gnu++14";
				CLANG_CXX_LIBRARY = "libc++";
				CLANG_ENABLE_MODULES = YES;
				CLANG_ENABLE_OBJC_ARC = YES;
				CLANG_ENABLE_OBJC_WEAK = YES;
				CLANG_WARN_BLOCK_CAPTURE_AUTORELEASING = YES;
				CLANG_WARN_BOOL_CONVERSION = YES;
				CLANG_WARN_COMMA = YES;
				CLANG_WARN_CONSTANT_CONVERSION = YES;
				CLANG_WARN_DEPRECATED_OBJC_IMPLEMENTATIONS = YES;
				CLANG_WARN_DIRECT_OBJC_ISA_USAGE = YES_ERROR;
				CLANG_WARN_DOCUMENTATION_COMMENTS = YES;
				CLANG_WARN_EMPTY_BODY = YES;
				CLANG_WARN_ENUM_CONVERSION = YES;
				CLANG_WARN_INFINITE_RECURSION = YES;
				CLANG_WARN_INT_CONVERSION = YES;
				CLANG_WARN_NON_LITERAL_NULL_CONVERSION = YES;
				CLANG_WARN_OBJC_IMPLICIT_RETAIN_SELF = YES;
				CLANG_WARN_OBJC_LITERAL_CONVERSION = YES;
				CLANG_WARN_OBJC_ROOT_CLASS = YES_ERROR;
				CLANG_WARN_RANGE_LOOP_ANALYSIS = YES;
				CLANG_WARN_STRICT_PROTOTYPES = YES;
				CLANG_WARN_SUSPICIOUS_MOVE = YES;
				CLANG_WARN_UNGUARDED_AVAILABILITY = YES_AGGRESSIVE;
				CLANG_WARN_UNREACHABLE_CODE = YES;
				CLANG_WARN__DUPLICATE_METHOD_MATCH = YES;
				CODE_SIGN_IDENTITY = "iPhone Developer";
				COPY_PHASE_STRIP = NO;
				DEBUG_INFORMATION_FORMAT = "dwarf-with-dsym";
				ENABLE_NS_ASSERTIONS = NO;
				ENABLE_STRICT_OBJC_MSGSEND = YES;
				GCC_C_LANGUAGE_STANDARD = gnu11;
				GCC_NO_COMMON_BLOCKS = YES;
				GCC_WARN_64_TO_32_BIT_CONVERSION = YES;
				GCC_WARN_ABOUT_RETURN_TYPE = YES_ERROR;
				GCC_WARN_UNDECLARED_SELECTOR = YES;
				GCC_WARN_UNINITIALIZED_AUTOS = YES_AGGRESSIVE;
				GCC_WARN_UNUSED_FUNCTION = YES;
				GCC_WARN_UNUSED_VARIABLE = YES;
				IPHONEOS_DEPLOYMENT_TARGET = 12.2;
				MTL_ENABLE_DEBUG_INFO = NO;
				MTL_FAST_MATH = YES;
				SDKROOT = iphoneos;
				SWIFT_COMPILATION_MODE = wholemodule;
				SWIFT_OPTIMIZATION_LEVEL = "-O";
				VALIDATE_PRODUCT = YES;
			};
			name = Release;
		};
		856521152288A75C0047436C /* Debug */ = {
			isa = XCBuildConfiguration;
			buildSettings = {
				ASSETCATALOG_COMPILER_APPICON_NAME = AppIcon;
				ASSETCATALOG_COMPILER_LAUNCHIMAGE_NAME = LaunchImage;
				CODE_SIGN_STYLE = Automatic;
				DEVELOPMENT_TEAM = MFV5357J8T;
				INFOPLIST_FILE = FamilyFirst/Info.plist;
				LD_RUNPATH_SEARCH_PATHS = (
					"$(inherited)",
					"@executable_path/Frameworks",
				);
				PRODUCT_BUNDLE_IDENTIFIER = FamilyFirst;
				PRODUCT_NAME = "$(TARGET_NAME)";
				SWIFT_VERSION = 5.0;
				TARGETED_DEVICE_FAMILY = "1,2";
			};
			name = Debug;
		};
		856521162288A75C0047436C /* Release */ = {
			isa = XCBuildConfiguration;
			buildSettings = {
				ASSETCATALOG_COMPILER_APPICON_NAME = AppIcon;
				ASSETCATALOG_COMPILER_LAUNCHIMAGE_NAME = LaunchImage;
				CODE_SIGN_STYLE = Automatic;
				DEVELOPMENT_TEAM = MFV5357J8T;
				INFOPLIST_FILE = FamilyFirst/Info.plist;
				LD_RUNPATH_SEARCH_PATHS = (
					"$(inherited)",
					"@executable_path/Frameworks",
				);
				PRODUCT_BUNDLE_IDENTIFIER = FamilyFirst;
				PRODUCT_NAME = "$(TARGET_NAME)";
				SWIFT_VERSION = 5.0;
				TARGETED_DEVICE_FAMILY = "1,2";
			};
			name = Release;
		};
		856521182288A75C0047436C /* Debug */ = {
			isa = XCBuildConfiguration;
			buildSettings = {
				ALWAYS_EMBED_SWIFT_STANDARD_LIBRARIES = YES;
				BUNDLE_LOADER = "$(TEST_HOST)";
				CODE_SIGN_STYLE = Automatic;
				INFOPLIST_FILE = FamilyFirstTests/Info.plist;
				LD_RUNPATH_SEARCH_PATHS = (
					"$(inherited)",
					"@executable_path/Frameworks",
					"@loader_path/Frameworks",
				);
				PRODUCT_BUNDLE_IDENTIFIER = at.fhhgb.mc.projekt.FamilyFirstTests;
				PRODUCT_NAME = "$(TARGET_NAME)";
				SWIFT_VERSION = 5.0;
				TARGETED_DEVICE_FAMILY = "1,2";
				TEST_HOST = "$(BUILT_PRODUCTS_DIR)/FamilyFirst.app/FamilyFirst";
			};
			name = Debug;
		};
		856521192288A75C0047436C /* Release */ = {
			isa = XCBuildConfiguration;
			buildSettings = {
				ALWAYS_EMBED_SWIFT_STANDARD_LIBRARIES = YES;
				BUNDLE_LOADER = "$(TEST_HOST)";
				CODE_SIGN_STYLE = Automatic;
				INFOPLIST_FILE = FamilyFirstTests/Info.plist;
				LD_RUNPATH_SEARCH_PATHS = (
					"$(inherited)",
					"@executable_path/Frameworks",
					"@loader_path/Frameworks",
				);
				PRODUCT_BUNDLE_IDENTIFIER = at.fhhgb.mc.projekt.FamilyFirstTests;
				PRODUCT_NAME = "$(TARGET_NAME)";
				SWIFT_VERSION = 5.0;
				TARGETED_DEVICE_FAMILY = "1,2";
				TEST_HOST = "$(BUILT_PRODUCTS_DIR)/FamilyFirst.app/FamilyFirst";
			};
			name = Release;
		};
		8565211B2288A75C0047436C /* Debug */ = {
			isa = XCBuildConfiguration;
			buildSettings = {
				ALWAYS_EMBED_SWIFT_STANDARD_LIBRARIES = YES;
				CODE_SIGN_STYLE = Automatic;
				INFOPLIST_FILE = FamilyFirstUITests/Info.plist;
				LD_RUNPATH_SEARCH_PATHS = (
					"$(inherited)",
					"@executable_path/Frameworks",
					"@loader_path/Frameworks",
				);
				PRODUCT_BUNDLE_IDENTIFIER = at.fhhgb.mc.projekt.FamilyFirstUITests;
				PRODUCT_NAME = "$(TARGET_NAME)";
				SWIFT_VERSION = 5.0;
				TARGETED_DEVICE_FAMILY = "1,2";
				TEST_TARGET_NAME = FamilyFirst;
			};
			name = Debug;
		};
		8565211C2288A75C0047436C /* Release */ = {
			isa = XCBuildConfiguration;
			buildSettings = {
				ALWAYS_EMBED_SWIFT_STANDARD_LIBRARIES = YES;
				CODE_SIGN_STYLE = Automatic;
				INFOPLIST_FILE = FamilyFirstUITests/Info.plist;
				LD_RUNPATH_SEARCH_PATHS = (
					"$(inherited)",
					"@executable_path/Frameworks",
					"@loader_path/Frameworks",
				);
				PRODUCT_BUNDLE_IDENTIFIER = at.fhhgb.mc.projekt.FamilyFirstUITests;
				PRODUCT_NAME = "$(TARGET_NAME)";
				SWIFT_VERSION = 5.0;
				TARGETED_DEVICE_FAMILY = "1,2";
				TEST_TARGET_NAME = FamilyFirst;
			};
			name = Release;
		};
/* End XCBuildConfiguration section */

/* Begin XCConfigurationList section */
		856520E42288A75B0047436C /* Build configuration list for PBXProject "FamilyFirst" */ = {
			isa = XCConfigurationList;
			buildConfigurations = (
				856521122288A75C0047436C /* Debug */,
				856521132288A75C0047436C /* Release */,
			);
			defaultConfigurationIsVisible = 0;
			defaultConfigurationName = Release;
		};
		856521142288A75C0047436C /* Build configuration list for PBXNativeTarget "FamilyFirst" */ = {
			isa = XCConfigurationList;
			buildConfigurations = (
				856521152288A75C0047436C /* Debug */,
				856521162288A75C0047436C /* Release */,
			);
			defaultConfigurationIsVisible = 0;
			defaultConfigurationName = Release;
		};
		856521172288A75C0047436C /* Build configuration list for PBXNativeTarget "FamilyFirstTests" */ = {
			isa = XCConfigurationList;
			buildConfigurations = (
				856521182288A75C0047436C /* Debug */,
				856521192288A75C0047436C /* Release */,
			);
			defaultConfigurationIsVisible = 0;
			defaultConfigurationName = Release;
		};
		8565211A2288A75C0047436C /* Build configuration list for PBXNativeTarget "FamilyFirstUITests" */ = {
			isa = XCConfigurationList;
			buildConfigurations = (
				8565211B2288A75C0047436C /* Debug */,
				8565211C2288A75C0047436C /* Release */,
			);
			defaultConfigurationIsVisible = 0;
			defaultConfigurationName = Release;
		};
/* End XCConfigurationList section */

/* Begin XCVersionGroup section */
		D32124F022BBC5E500A3DC1D /* FamilyFirst.xcdatamodeld */ = {
			isa = XCVersionGroup;
			children = (
				D32124F122BBC5E500A3DC1D /* FamilyFirst.xcdatamodel */,
			);
			currentVersion = D32124F122BBC5E500A3DC1D /* FamilyFirst.xcdatamodel */;
			path = FamilyFirst.xcdatamodeld;
			sourceTree = "<group>";
			versionGroupType = wrapper.xcdatamodel;
		};
/* End XCVersionGroup section */
	};
	rootObject = 856520E12288A75B0047436C /* Project object */;
}
